{
  "name": "acme-demo",
  "version": "1.0.0",
  "lockfileVersion": 3,
  "requires": true,
  "packages": {
    "": {
      "name": "acme-demo",
      "version": "1.0.0",
      "license": "MIT",
      "dependencies": {
        "@root/acme": "^3.1.0",
        "acme": "^3.0.3",
        "acme-http-01-webroot": "^3.0.0",
        "jose": "^4.14.4",
        "punycode": "^2.3.0"
      }
    },
    "node_modules/@root/acme": {
      "version": "3.1.0",
      "resolved": "https://registry.npmjs.org/@root/acme/-/acme-3.1.0.tgz",
      "integrity": "sha512-GAyaW63cpSYd2KvVp5lHLbCWeEhJPKZK9nsJvZJOKsD9Uv88KEttn4FpDZEJ+2q3Jsey0DWpuQ2I4ft0JV9p2w==",
      "hasInstallScript": true,
      "license": "MPL-2.0",
      "dependencies": {
        "@root/csr": "^0.8.1",
        "@root/encoding": "^1.0.1",
        "@root/keypairs": "^0.10.0",
        "@root/pem": "^1.0.4",
        "@root/request": "^1.6.1",
        "@root/x509": "^0.7.2"
      }
    },
    "node_modules/@root/asn1": {
      "version": "1.0.0",
      "resolved": "https://registry.npmjs.org/@root/asn1/-/asn1-1.0.0.tgz",
      "integrity": "sha512-0lfZNuOULKJDJmdIkP8V9RnbV3XaK6PAHD3swnFy4tZwtlMDzLKoM/dfNad7ut8Hu3r91wy9uK0WA/9zym5mig==",
      "license": "MPL-2.0",
      "dependencies": {
        "@root/encoding": "^1.0.1"
      }
    },
    "node_modules/@root/csr": {
      "version": "0.8.1",
      "resolved": "https://registry.npmjs.org/@root/csr/-/csr-0.8.1.tgz",
      "integrity": "sha512-hKl0VuE549TK6SnS2Yn9nRvKbFZXn/oAg+dZJU/tlKl/f/0yRXeuUzf8akg3JjtJq+9E592zDqeXZ7yyrg8fSQ==",
      "license": "MPL-2.0",
      "dependencies": {
        "@root/asn1": "^1.0.0",
        "@root/pem": "^1.0.4",
        "@root/x509": "^0.7.2"
      }
    },
    "node_modules/@root/encoding": {
      "version": "1.0.1",
      "resolved": "https://registry.npmjs.org/@root/encoding/-/encoding-1.0.1.tgz",
      "integrity": "sha512-OaEub02ufoU038gy6bsNHQOjIn8nUjGiLcaRmJ40IUykneJkIW5fxDqKxQx48cszuNflYldsJLPPXCrGfHs8yQ==",
      "license": "MPL-2.0"
    },
    "node_modules/@root/keypairs": {
      "version": "0.10.3",
      "resolved": "https://registry.npmjs.org/@root/keypairs/-/keypairs-0.10.3.tgz",
      "integrity": "sha512-hbmjVbk/G99Z1XlUzJM4VOAaR8jm4vMnfwpZL301FA24ubJ/bOjj6enCrz9gKsQvBO6RY4/R4MgUuWpXeqeZZQ==",
      "license": "MPL-2.0",
      "dependencies": {
        "@root/encoding": "^1.0.1",
        "@root/pem": "^1.0.4",
        "@root/x509": "^0.7.2"
      }
    },
    "node_modules/@root/mkdirp": {
      "version": "1.0.0",
      "resolved": "https://registry.npmjs.org/@root/mkdirp/-/mkdirp-1.0.0.tgz",
      "integrity": "sha512-hxGAYUx5029VggfG+U9naAhQkoMSXtOeXtbql97m3Hi6/sQSRL/4khKZPyOF6w11glyCOU38WCNLu9nUcSjOfA=="
    },
    "node_modules/@root/pem": {
      "version": "1.0.4",
      "resolved": "https://registry.npmjs.org/@root/pem/-/pem-1.0.4.tgz",
      "integrity": "sha512-rEUDiUsHtild8GfIjFE9wXtcVxeS+ehCJQBwbQQ3IVfORKHK93CFnRtkr69R75lZFjcmKYVc+AXDB+AeRFOULA==",
      "license": "MPL-2.0"
    },
    "node_modules/@root/request": {
      "version": "1.9.2",
      "resolved": "https://registry.npmjs.org/@root/request/-/request-1.9.2.tgz",
      "integrity": "sha512-wVaL9yVV9oDR9UNbPZa20qgY+4Ch6YN8JUkaE4el/uuS5dmhD8Lusm/ku8qJVNtmQA56XLzEDCRS6/vfpiHK2A==",
      "license": "(MIT OR Apache-2.0)"
    },
    "node_modules/@root/x509": {
      "version": "0.7.2",
      "resolved": "https://registry.npmjs.org/@root/x509/-/x509-0.7.2.tgz",
      "integrity": "sha512-ENq3LGYORK5NiMFHEVeNMt+fTXaC7DTS6sQXoqV+dFdfT0vmiL5cDLjaXQhaklJQq0NiwicZegzJRl1ZOTp3WQ==",
      "license": "MPL-2.0",
      "dependencies": {
        "@root/asn1": "^1.0.0",
        "@root/encoding": "^1.0.1"
      }
    },
    "node_modules/acme": {
      "version": "3.0.3",
      "resolved": "https://registry.npmjs.org/acme/-/acme-3.0.3.tgz",
      "integrity": "sha512-NMEugs9cWvryNRidu9GeyV3EbqDlb5XFKQjaJ6E99RFpzrHM/iYYLImdrdpnkbS4vFTCrB2nMA7MQB0vAk801w==",
      "dependencies": {
        "@root/acme": "^3.0.2"
      }
    },
    "node_modules/acme-http-01-webroot": {
      "version": "3.0.0",
      "resolved": "https://registry.npmjs.org/acme-http-01-webroot/-/acme-http-01-webroot-3.0.0.tgz",
      "integrity": "sha512-K63egONklWEOYz0rgl9w2a24eIZ+KkDxCJdxgjN4a0l5vVUys7lUIcwj8MtVjBcGvMBwXfWDwOshLDH+UrNscA==",
      "dependencies": {
        "@root/mkdirp": "^1.0.0"
      }
    },
    "node_modules/jose": {
      "version": "4.14.4",
      "resolved": "https://registry.npmjs.org/jose/-/jose-4.14.4.tgz",
      "integrity": "sha512-j8GhLiKmUAh+dsFXlX1aJCbt5KMibuKb+d7j1JaOJG6s2UjX1PQlW+OKB/sD4a/5ZYF4RcmYmLSndOoU3Lt/3g==",
      "funding": {
        "url": "https://github.com/sponsors/panva"
      }
    },
    "node_modules/punycode": {
      "version": "2.3.0",
      "resolved": "https://registry.npmjs.org/punycode/-/punycode-2.3.0.tgz",
      "integrity": "sha512-rRV+zQD8tVFys26lAGR9WUuS4iUAngJScM+ZRSKtvl5tKeZ2t5bvdNFdNHBW9FWR4guGHlgmsZ1G7BSm2wTbuA==",
      "engines": {
        "node": ">=6"
      }
    }
  }
}
