# THIS IS AN AUTOGENERATED FILE. DO NOT EDIT THIS FILE DIRECTLY.
# yarn lockfile v1


"@root/acme@^3.0.2", "@root/acme@^3.1.0":
  version "3.1.0"
  resolved "https://registry.npmjs.org/@root/acme/-/acme-3.1.0.tgz"
  integrity sha512-GAyaW63cpSYd2KvVp5lHLbCWeEhJPKZK9nsJvZJOKsD9Uv88KEttn4FpDZEJ+2q3Jsey0DWpuQ2I4ft0JV9p2w==
  dependencies:
    "@root/csr" "^0.8.1"
    "@root/encoding" "^1.0.1"
    "@root/keypairs" "^0.10.0"
    "@root/pem" "^1.0.4"
    "@root/request" "^1.6.1"
    "@root/x509" "^0.7.2"

"@root/asn1@^1.0.0":
  version "1.0.0"
  resolved "https://registry.npmjs.org/@root/asn1/-/asn1-1.0.0.tgz"
  integrity sha512-0lfZNuOULKJDJmdIkP8V9RnbV3XaK6PAHD3swnFy4tZwtlMDzLKoM/dfNad7ut8Hu3r91wy9uK0WA/9zym5mig==
  dependencies:
    "@root/encoding" "^1.0.1"

"@root/csr@^0.8.1":
  version "0.8.1"
  resolved "https://registry.npmjs.org/@root/csr/-/csr-0.8.1.tgz"
  integrity sha512-hKl0VuE549TK6SnS2Yn9nRvKbFZXn/oAg+dZJU/tlKl/f/0yRXeuUzf8akg3JjtJq+9E592zDqeXZ7yyrg8fSQ==
  dependencies:
    "@root/asn1" "^1.0.0"
    "@root/pem" "^1.0.4"
    "@root/x509" "^0.7.2"

"@root/encoding@^1.0.1":
  version "1.0.1"
  resolved "https://registry.npmjs.org/@root/encoding/-/encoding-1.0.1.tgz"
  integrity sha512-OaEub02ufoU038gy6bsNHQOjIn8nUjGiLcaRmJ40IUykneJkIW5fxDqKxQx48cszuNflYldsJLPPXCrGfHs8yQ==

"@root/keypairs@^0.10.0":
  version "0.10.3"
  resolved "https://registry.npmjs.org/@root/keypairs/-/keypairs-0.10.3.tgz"
  integrity sha512-hbmjVbk/G99Z1XlUzJM4VOAaR8jm4vMnfwpZL301FA24ubJ/bOjj6enCrz9gKsQvBO6RY4/R4MgUuWpXeqeZZQ==
  dependencies:
    "@root/encoding" "^1.0.1"
    "@root/pem" "^1.0.4"
    "@root/x509" "^0.7.2"

"@root/mkdirp@^1.0.0":
  version "1.0.0"
  resolved "https://registry.npmjs.org/@root/mkdirp/-/mkdirp-1.0.0.tgz"
  integrity sha512-hxGAYUx5029VggfG+U9naAhQkoMSXtOeXtbql97m3Hi6/sQSRL/4khKZPyOF6w11glyCOU38WCNLu9nUcSjOfA==

"@root/pem@^1.0.4":
  version "1.0.4"
  resolved "https://registry.npmjs.org/@root/pem/-/pem-1.0.4.tgz"
  integrity sha512-rEUDiUsHtild8GfIjFE9wXtcVxeS+ehCJQBwbQQ3IVfORKHK93CFnRtkr69R75lZFjcmKYVc+AXDB+AeRFOULA==

"@root/request@^1.6.1":
  version "1.9.2"
  resolved "https://registry.npmjs.org/@root/request/-/request-1.9.2.tgz"
  integrity sha512-wVaL9yVV9oDR9UNbPZa20qgY+4Ch6YN8JUkaE4el/uuS5dmhD8Lusm/ku8qJVNtmQA56XLzEDCRS6/vfpiHK2A==

"@root/x509@^0.7.2":
  version "0.7.2"
  resolved "https://registry.npmjs.org/@root/x509/-/x509-0.7.2.tgz"
  integrity sha512-ENq3LGYORK5NiMFHEVeNMt+fTXaC7DTS6sQXoqV+dFdfT0vmiL5cDLjaXQhaklJQq0NiwicZegzJRl1ZOTp3WQ==
  dependencies:
    "@root/asn1" "^1.0.0"
    "@root/encoding" "^1.0.1"

acme-http-01-webroot@^3.0.0:
  version "3.0.0"
  resolved "https://registry.npmjs.org/acme-http-01-webroot/-/acme-http-01-webroot-3.0.0.tgz"
  integrity sha512-K63egONklWEOYz0rgl9w2a24eIZ+KkDxCJdxgjN4a0l5vVUys7lUIcwj8MtVjBcGvMBwXfWDwOshLDH+UrNscA==
  dependencies:
    "@root/mkdirp" "^1.0.0"

acme@^3.0.3:
  version "3.0.3"
  resolved "https://registry.npmjs.org/acme/-/acme-3.0.3.tgz"
  integrity sha512-NMEugs9cWvryNRidu9GeyV3EbqDlb5XFKQjaJ6E99RFpzrHM/iYYLImdrdpnkbS4vFTCrB2nMA7MQB0vAk801w==
  dependencies:
    "@root/acme" "^3.0.2"

jose@^4.14.4:
  version "4.14.4"
  resolved "https://registry.npmjs.org/jose/-/jose-4.14.4.tgz"
  integrity sha512-j8GhLiKmUAh+dsFXlX1aJCbt5KMibuKb+d7j1JaOJG6s2UjX1PQlW+OKB/sD4a/5ZYF4RcmYmLSndOoU3Lt/3g==

punycode@^2.3.0:
  version "2.3.0"
  resolved "https://registry.npmjs.org/punycode/-/punycode-2.3.0.tgz"
  integrity sha512-rRV+zQD8tVFys26lAGR9WUuS4iUAngJScM+ZRSKtvl5tKeZ2t5bvdNFdNHBW9FWR4guGHlgmsZ1G7BSm2wTbuA==
